PODS:
  - CPCollectionViewWheelLayout (1.0.2)

DEPENDENCIES:
  - CPCollectionViewWheelLayout (from `../`)

EXTERNAL SOURCES:
  CPCollectionViewWheelLayout:
    :path: "../"

SPEC CHECKSUMS:
  CPCollectionViewWheelLayout: bc10539ca338046c20218a360c944fe740b54efe

PODFILE CHECKSUM: ef84049bd44c524e795d53358d42985684938240

COCOAPODS: 1.1.1
